
Microsoft Visual Studio Solution File, Format Version 12.00
# Visual Studio 15
VisualStudioVersion = 15.0.27130.2036
MinimumVisualStudioVersion = 10.0.40219.1
Project("{9A19103F-16F7-4668-BE54-9A1E7A4F7556}") = "csharp_test_bot", "csharp_test_bot\csharp_test_bot.csproj", "{EF4893C9-B717-4D5B-92D5-AB5024CAE1FA}"
EndProject
Project("{9A19103F-16F7-4668-BE54-9A1E7A4F7556}") = "csharp_test_bot.Tests", "csharp_test_bot.Tests\csharp_test_bot.Tests.csproj", "{406869DA-3BBE-456C-8E29-5D42D83383F7}"
EndProject
Global
	GlobalSection(SolutionConfigurationPlatforms) = preSolution
		Debug|Any CPU = Debug|Any CPU
		Release|Any CPU = Release|Any CPU
	EndGlobalSection
	GlobalSection(ProjectConfigurationPlatforms) = postSolution
		{EF4893C9-B717-4D5B-92D5-AB5024CAE1FA}.Debug|Any CPU.ActiveCfg = Debug|Any CPU
		{EF4893C9-B717-4D5B-92D5-AB5024CAE1FA}.Debug|Any CPU.Build.0 = Debug|Any CPU
		{EF4893C9-B717-4D5B-92D5-AB5024CAE1FA}.Release|Any CPU.ActiveCfg = Release|Any CPU
		{EF4893C9-B717-4D5B-92D5-AB5024CAE1FA}.Release|Any CPU.Build.0 = Release|Any CPU
		{406869DA-3BBE-456C-8E29-5D42D83383F7}.Debug|Any CPU.ActiveCfg = Debug|Any CPU
		{406869DA-3BBE-456C-8E29-5D42D83383F7}.Debug|Any CPU.Build.0 = Debug|Any CPU
		{406869DA-3BBE-456C-8E29-5D42D83383F7}.Release|Any CPU.ActiveCfg = Release|Any CPU
		{406869DA-3BBE-456C-8E29-5D42D83383F7}.Release|Any CPU.Build.0 = Release|Any CPU
	EndGlobalSection
	GlobalSection(SolutionProperties) = preSolution
		HideSolutionNode = FALSE
	EndGlobalSection
	GlobalSection(ExtensibilityGlobals) = postSolution
		SolutionGuid = {202D9CFC-0DEE-4AB7-AEBE-1F71FC8D177D}
	EndGlobalSection
	GlobalSection(ExtensibilityGlobals) = postSolution
		SolutionGuid = {202D9CFC-0DEE-4AB7-AEBE-1F71FC8D177D}
	EndGlobalSection
EndGlobal
